
Microsoft Visual Studio Solution File, Format Version 12.00
# Visual Studio Version 17
VisualStudioVersion = 17.10.34928.147
MinimumVisualStudioVersion = 10.0.40219.1
Project("{FAE04EC0-301F-11D3-BF4B-00C04F79EFBC}") = "CSharpFundamental_2", "CSharpFundamental_2.csproj", "{51C64D83-1E8D-486B-AEC9-2916D9AE9B0C}"
EndProject
Global
	GlobalSection(SolutionConfigurationPlatforms) = preSolution
		Debug|Any CPU = Debug|Any CPU
		Release|Any CPU = Release|Any CPU
	EndGlobalSection
	GlobalSection(ProjectConfigurationPlatforms) = postSolution
		{51C64D83-1E8D-486B-AEC9-2916D9AE9B0C}.Debug|Any CPU.ActiveCfg = Debug|Any CPU
		{51C64D83-1E8D-486B-AEC9-2916D9AE9B0C}.Debug|Any CPU.Build.0 = Debug|Any CPU
		{51C64D83-1E8D-486B-AEC9-2916D9AE9B0C}.Release|Any CPU.ActiveCfg = Release|Any CPU
		{51C64D83-1E8D-486B-AEC9-2916D9AE9B0C}.Release|Any CPU.Build.0 = Release|Any CPU
	EndGlobalSection
	GlobalSection(SolutionProperties) = preSolution
		HideSolutionNode = FALSE
	EndGlobalSection
	GlobalSection(ExtensibilityGlobals) = postSolution
		SolutionGuid = {77A6D733-B3CD-45F4-868B-CBBB96EEF2C8}
	EndGlobalSection
EndGlobal
